
Microsoft Visual Studio Solution File, Format Version 12.00
# Visual Studio Version 17
VisualStudioVersion = 17.8.34511.84
MinimumVisualStudioVersion = 10.0.40219.1
Project("{9A19103F-16F7-4668-BE54-9A1E7A4F7556}") = "WebAPI", "WebAPI\WebAPI.csproj", "{00FA9ADE-DF08-452F-9FA0-775CA37A29BD}"
EndProject
Project("{9A19103F-16F7-4668-BE54-9A1E7A4F7556}") = "Persistance", "Persistance\Persistance.csproj", "{79BD624C-EAC5-4C52-89F7-AE84DC5B6815}"
EndProject
Project("{9A19103F-16F7-4668-BE54-9A1E7A4F7556}") = "Domain", "Domain\Domain.csproj", "{9040CD03-CE99-47C8-BD8C-8B4FBC3B0160}"
EndProject
Project("{9A19103F-16F7-4668-BE54-9A1E7A4F7556}") = "Application", "Application\Application.csproj", "{A92A2FC8-7EDB-4587-8ACB-676D7F3BE38E}"
EndProject
Project("{9A19103F-16F7-4668-BE54-9A1E7A4F7556}") = "Infrastructure", "Infrastructure\Infrastructure.csproj", "{281BCDDC-7718-4896-90C3-2604299F202E}"
EndProject
Project("{2150E333-8FDC-42A3-9474-1A3956D46DE8}") = "Migration_Commands", "Migration_Commands", "{E21ED817-1649-4027-9E46-E96EDA598391}"
	ProjectSection(SolutionItems) = preProject
		..\..\..\..\..\Documents\Migration_Commands\mig_commands.txt = ..\..\..\..\..\Documents\Migration_Commands\mig_commands.txt
	EndProjectSection
EndProject
Project("{2150E333-8FDC-42A3-9474-1A3956D46DE8}") = "RequestBody", "RequestBody", "{3C13EFA5-1401-4805-BCB6-7E0ED160F548}"
	ProjectSection(SolutionItems) = preProject
		RequestBody.txt = RequestBody.txt
	EndProjectSection
EndProject
Global
	GlobalSection(SolutionConfigurationPlatforms) = preSolution
		Debug|Any CPU = Debug|Any CPU
		Release|Any CPU = Release|Any CPU
	EndGlobalSection
	GlobalSection(ProjectConfigurationPlatforms) = postSolution
		{00FA9ADE-DF08-452F-9FA0-775CA37A29BD}.Debug|Any CPU.ActiveCfg = Debug|Any CPU
		{00FA9ADE-DF08-452F-9FA0-775CA37A29BD}.Debug|Any CPU.Build.0 = Debug|Any CPU
		{00FA9ADE-DF08-452F-9FA0-775CA37A29BD}.Release|Any CPU.ActiveCfg = Release|Any CPU
		{00FA9ADE-DF08-452F-9FA0-775CA37A29BD}.Release|Any CPU.Build.0 = Release|Any CPU
		{79BD624C-EAC5-4C52-89F7-AE84DC5B6815}.Debug|Any CPU.ActiveCfg = Debug|Any CPU
		{79BD624C-EAC5-4C52-89F7-AE84DC5B6815}.Debug|Any CPU.Build.0 = Debug|Any CPU
		{79BD624C-EAC5-4C52-89F7-AE84DC5B6815}.Release|Any CPU.ActiveCfg = Release|Any CPU
		{79BD624C-EAC5-4C52-89F7-AE84DC5B6815}.Release|Any CPU.Build.0 = Release|Any CPU
		{9040CD03-CE99-47C8-BD8C-8B4FBC3B0160}.Debug|Any CPU.ActiveCfg = Debug|Any CPU
		{9040CD03-CE99-47C8-BD8C-8B4FBC3B0160}.Debug|Any CPU.Build.0 = Debug|Any CPU
		{9040CD03-CE99-47C8-BD8C-8B4FBC3B0160}.Release|Any CPU.ActiveCfg = Release|Any CPU
		{9040CD03-CE99-47C8-BD8C-8B4FBC3B0160}.Release|Any CPU.Build.0 = Release|Any CPU
		{A92A2FC8-7EDB-4587-8ACB-676D7F3BE38E}.Debug|Any CPU.ActiveCfg = Debug|Any CPU
		{A92A2FC8-7EDB-4587-8ACB-676D7F3BE38E}.Debug|Any CPU.Build.0 = Debug|Any CPU
		{A92A2FC8-7EDB-4587-8ACB-676D7F3BE38E}.Release|Any CPU.ActiveCfg = Release|Any CPU
		{A92A2FC8-7EDB-4587-8ACB-676D7F3BE38E}.Release|Any CPU.Build.0 = Release|Any CPU
		{281BCDDC-7718-4896-90C3-2604299F202E}.Debug|Any CPU.ActiveCfg = Debug|Any CPU
		{281BCDDC-7718-4896-90C3-2604299F202E}.Debug|Any CPU.Build.0 = Debug|Any CPU
		{281BCDDC-7718-4896-90C3-2604299F202E}.Release|Any CPU.ActiveCfg = Release|Any CPU
		{281BCDDC-7718-4896-90C3-2604299F202E}.Release|Any CPU.Build.0 = Release|Any CPU
	EndGlobalSection
	GlobalSection(SolutionProperties) = preSolution
		HideSolutionNode = FALSE
	EndGlobalSection
	GlobalSection(ExtensibilityGlobals) = postSolution
		SolutionGuid = {CD767336-D0F4-40E1-BE19-F663890CEE48}
	EndGlobalSection
EndGlobal
